# @generated - this file is auto-generated by `mise lock` https://mise.en.dev/dev-tools/mise-lock.html

[[tools.actionlint]]
version = "1.7.12"
backend = "aqua:rhysd/actionlint"

[tools.actionlint."platforms.linux-arm64"]
checksum = "sha256:325e971b6ba9bfa504672e29be93c24981eeb1c07576d730e9f7c8805afff0c6"
url = "https://github.com/rhysd/actionlint/releases/download/v1.7.12/actionlint_1.7.12_linux_arm64.tar.gz"
provenance = "github-attestations"

[tools.actionlint."platforms.linux-arm64-musl"]
checksum = "sha256:325e971b6ba9bfa504672e29be93c24981eeb1c07576d730e9f7c8805afff0c6"
url = "https://github.com/rhysd/actionlint/releases/download/v1.7.12/actionlint_1.7.12_linux_arm64.tar.gz"
provenance = "github-attestations"

[tools.actionlint."platforms.linux-x64"]
checksum = "sha256:8aca8db96f1b94770f1b0d72b6dddcb1ebb8123cb3712530b08cc387b349a3d8"
url = "https://github.com/rhysd/actionlint/releases/download/v1.7.12/actionlint_1.7.12_linux_amd64.tar.gz"
provenance = "github-attestations"

[tools.actionlint."platforms.linux-x64-musl"]
checksum = "sha256:8aca8db96f1b94770f1b0d72b6dddcb1ebb8123cb3712530b08cc387b349a3d8"
url = "https://github.com/rhysd/actionlint/releases/download/v1.7.12/actionlint_1.7.12_linux_amd64.tar.gz"
provenance = "github-attestations"

[tools.actionlint."platforms.macos-arm64"]
checksum = "sha256:aba9ced2dee8d27fecca3dc7feb1a7f9a52caefa1eb46f3271ea66b6e0e6953f"
url = "https://github.com/rhysd/actionlint/releases/download/v1.7.12/actionlint_1.7.12_darwin_arm64.tar.gz"
provenance = "github-attestations"

[tools.actionlint."platforms.macos-x64"]
checksum = "sha256:5b44c3bc2255115c9b69e30efc0fecdf498fdb63c5d58e17084fd5f16324c644"
url = "https://github.com/rhysd/actionlint/releases/download/v1.7.12/actionlint_1.7.12_darwin_amd64.tar.gz"
provenance = "github-attestations"

[tools.actionlint."platforms.windows-x64"]
checksum = "sha256:6e7241b51e6817ea6a047693d8e6fed13b31819c9a0dd6c5a726e1592d22f6e9"
url = "https://github.com/rhysd/actionlint/releases/download/v1.7.12/actionlint_1.7.12_windows_amd64.zip"
provenance = "github-attestations"

[[tools.devcontainer-cli]]
version = "0.87.0"
backend = "npm:@devcontainers/cli"

[[tools."github:lousy-agents/coach"]]
version = "0.5.0"
backend = "github:lousy-agents/coach"

[tools."github:lousy-agents/coach"."platforms.linux-x64"]
checksum = "sha256:2ac82b8571586a41befe776c3b89b4850c2bd48d2064fb565cbff71ade484b61"
url = "https://github.com/lousy-agents/coach/releases/download/v0.5.0/coach_linux_x86_64.tar.gz"
url_api = "https://api.github.com/repos/lousy-agents/coach/releases/assets/560250477"
provenance = "github-attestations"

[tools."github:lousy-agents/coach"."platforms.linux-x64-musl"]
checksum = "sha256:2ac82b8571586a41befe776c3b89b4850c2bd48d2064fb565cbff71ade484b61"
url = "https://github.com/lousy-agents/coach/releases/download/v0.5.0/coach_linux_x86_64.tar.gz"
url_api = "https://api.github.com/repos/lousy-agents/coach/releases/assets/560250477"
provenance = "github-attestations"

[tools."github:lousy-agents/coach"."platforms.macos-arm64"]
checksum = "sha256:d6d11c16d0483f50e1a61d6336362527b6ff6492eec6874c4a092a022e003609"
url = "https://github.com/lousy-agents/coach/releases/download/v0.5.0/coach_darwin_arm64.tar.gz"
url_api = "https://api.github.com/repos/lousy-agents/coach/releases/assets/560250478"
provenance = "github-attestations"

[tools."github:lousy-agents/coach"."platforms.macos-x64"]
checksum = "sha256:0305049785f7aa50f2321d748481001af013bc533f3f0948c62ce8e5b5ee1f62"
url = "https://github.com/lousy-agents/coach/releases/download/v0.5.0/coach_darwin_x86_64.tar.gz"
url_api = "https://api.github.com/repos/lousy-agents/coach/releases/assets/560250476"
provenance = "github-attestations"

[tools."github:lousy-agents/coach"."platforms.windows-x64"]
checksum = "sha256:cd5e966ce4e00500000c6237c7f5205d3c60c3f58948dd7f1888b2ce2f83476b"
url = "https://github.com/lousy-agents/coach/releases/download/v0.5.0/coach_windows_x86_64.zip"
url_api = "https://api.github.com/repos/lousy-agents/coach/releases/assets/560250473"
provenance = "github-attestations"

[[tools.jq]]
version = "1.8.2"
backend = "aqua:jqlang/jq"

[tools.jq."platforms.linux-arm64"]
checksum = "sha256:8b85c817833814ddca00a144c33705546355afccf0cf39b188f3cdb48b852309"
url = "https://github.com/jqlang/jq/releases/download/jq-1.8.2/jq-linux-arm64"
provenance = "github-attestations"

[tools.jq."platforms.linux-arm64-musl"]
checksum = "sha256:8b85c817833814ddca00a144c33705546355afccf0cf39b188f3cdb48b852309"
url = "https://github.com/jqlang/jq/releases/download/jq-1.8.2/jq-linux-arm64"
provenance = "github-attestations"

[tools.jq."platforms.linux-x64"]
checksum = "sha256:b1c22172dd303f3be49e935aa56aa48a8b7a46e0bc838b4997d3bb451495870f"
url = "https://github.com/jqlang/jq/releases/download/jq-1.8.2/jq-linux-amd64"
provenance = "github-attestations"

[tools.jq."platforms.linux-x64-musl"]
checksum = "sha256:b1c22172dd303f3be49e935aa56aa48a8b7a46e0bc838b4997d3bb451495870f"
url = "https://github.com/jqlang/jq/releases/download/jq-1.8.2/jq-linux-amd64"
provenance = "github-attestations"

[tools.jq."platforms.macos-arm64"]
checksum = "sha256:2d75340ba57a4b4b4c8708a21c2dc8e958a48aaa8bba13b27f77f6e4c0eca07e"
url = "https://github.com/jqlang/jq/releases/download/jq-1.8.2/jq-macos-arm64"
provenance = "github-attestations"

[tools.jq."platforms.macos-x64"]
checksum = "sha256:e94b266e3c26690550006abe63152b782280f4e14374accdf04cbde844f00bc0"
url = "https://github.com/jqlang/jq/releases/download/jq-1.8.2/jq-macos-amd64"
provenance = "github-attestations"

[tools.jq."platforms.windows-x64"]
checksum = "sha256:a6fc67fedaf9128a3309a1e2ebb8b986aeccf70122ee46d2cb4849e423f0c627"
url = "https://github.com/jqlang/jq/releases/download/jq-1.8.2/jq-windows-amd64.exe"
provenance = "github-attestations"

[[tools.markdownlint-cli2]]
version = "0.22.1"
backend = "npm:markdownlint-cli2"

[[tools.node]]
version = "24.20.0"
backend = "core:node"

[tools.node."platforms.linux-arm64"]
checksum = "sha256:3515603e2487879a39bc75716f1a2affd027500c64ba50e845cf72cb33219013"
url = "https://nodejs.org/dist/v24.20.0/node-v24.20.0-linux-arm64.tar.gz"

[tools.node."platforms.linux-arm64-musl"]
checksum = "sha256:2c8c507ccb0f20812d9526ba8ca454b1652aadef68fc8bad06f07fb1122dd1ef"
url = "https://unofficial-builds.nodejs.org/download/release/v24.20.0/node-v24.20.0-linux-arm64-musl.tar.gz"

[tools.node."platforms.linux-x64"]
checksum = "sha256:855d581f8a4eb1a8117e3426de25fe02770592febcfb31369aee1ffbfee9e8ec"
url = "https://nodejs.org/dist/v24.20.0/node-v24.20.0-linux-x64.tar.gz"

[tools.node."platforms.linux-x64-musl"]
checksum = "sha256:9ae1399fef4bd8990e15773ce1327b336a20b9e97d8c7549f4f42ca73c43f562"
url = "https://unofficial-builds.nodejs.org/download/release/v24.20.0/node-v24.20.0-linux-x64-musl.tar.gz"

[tools.node."platforms.macos-arm64"]
checksum = "sha256:40e5607e5ecb3db9192723776da2d75d966260fc74a7a9e731c1bd67dda96bc8"
url = "https://nodejs.org/dist/v24.20.0/node-v24.20.0-darwin-arm64.tar.gz"

[tools.node."platforms.macos-x64"]
checksum = "sha256:9e5b2644cf107befb6aefca676b96d3296bc10138096f022ed378d6233ed81f4"
url = "https://nodejs.org/dist/v24.20.0/node-v24.20.0-darwin-x64.tar.gz"

[tools.node."platforms.windows-x64"]
checksum = "sha256:6cac9ffbca8f6a47091e4b5c772e0606049c3871cb67d900c0cedde630e545ba"
url = "https://nodejs.org/dist/v24.20.0/node-v24.20.0-win-x64.zip"

[[tools.pipx]]
version = "1.8.0"
backend = "aqua:pypa/pipx"

[tools.pipx."platforms.linux-arm64"]
checksum = "sha256:b9eabd835dffe0677e36bd99416fc9837c592bd8c079235379bed3dfe043c601"
url = "https://github.com/pypa/pipx/releases/download/1.8.0/pipx.pyz"

[tools.pipx."platforms.linux-arm64-musl"]
checksum = "sha256:b9eabd835dffe0677e36bd99416fc9837c592bd8c079235379bed3dfe043c601"
url = "https://github.com/pypa/pipx/releases/download/1.8.0/pipx.pyz"

[tools.pipx."platforms.linux-x64"]
checksum = "sha256:b9eabd835dffe0677e36bd99416fc9837c592bd8c079235379bed3dfe043c601"
url = "https://github.com/pypa/pipx/releases/download/1.8.0/pipx.pyz"

[tools.pipx."platforms.linux-x64-musl"]
checksum = "sha256:b9eabd835dffe0677e36bd99416fc9837c592bd8c079235379bed3dfe043c601"
url = "https://github.com/pypa/pipx/releases/download/1.8.0/pipx.pyz"

[tools.pipx."platforms.macos-arm64"]
checksum = "sha256:b9eabd835dffe0677e36bd99416fc9837c592bd8c079235379bed3dfe043c601"
url = "https://github.com/pypa/pipx/releases/download/1.8.0/pipx.pyz"

[tools.pipx."platforms.macos-x64"]
checksum = "sha256:b9eabd835dffe0677e36bd99416fc9837c592bd8c079235379bed3dfe043c601"
url = "https://github.com/pypa/pipx/releases/download/1.8.0/pipx.pyz"

[[tools."pipx:check-jsonschema"]]
version = "0.37.2"
backend = "pipx:check-jsonschema"

[[tools."pipx:graphifyy"]]
version = "0.8.27"
backend = "pipx:graphifyy"

[[tools."pipx:semgrep"]]
version = "1.163.0"
backend = "pipx:semgrep"

[[tools.shellcheck]]
version = "0.11.0"
backend = "aqua:koalaman/shellcheck"

[tools.shellcheck."platforms.linux-arm64"]
checksum = "sha256:12b331c1d2db6b9eb13cfca64306b1b157a86eb69db83023e261eaa7e7c14588"
url = "https://github.com/koalaman/shellcheck/releases/download/v0.11.0/shellcheck-v0.11.0.linux.aarch64.tar.xz"

[tools.shellcheck."platforms.linux-arm64-musl"]
checksum = "sha256:12b331c1d2db6b9eb13cfca64306b1b157a86eb69db83023e261eaa7e7c14588"
url = "https://github.com/koalaman/shellcheck/releases/download/v0.11.0/shellcheck-v0.11.0.linux.aarch64.tar.xz"

[tools.shellcheck."platforms.linux-x64"]
checksum = "sha256:8c3be12b05d5c177a04c29e3c78ce89ac86f1595681cab149b65b97c4e227198"
url = "https://github.com/koalaman/shellcheck/releases/download/v0.11.0/shellcheck-v0.11.0.linux.x86_64.tar.xz"

[tools.shellcheck."platforms.linux-x64-musl"]
checksum = "sha256:8c3be12b05d5c177a04c29e3c78ce89ac86f1595681cab149b65b97c4e227198"
url = "https://github.com/koalaman/shellcheck/releases/download/v0.11.0/shellcheck-v0.11.0.linux.x86_64.tar.xz"

[tools.shellcheck."platforms.macos-arm64"]
checksum = "sha256:56affdd8de5527894dca6dc3d7e0a99a873b0f004d7aabc30ae407d3f48b0a79"
url = "https://github.com/koalaman/shellcheck/releases/download/v0.11.0/shellcheck-v0.11.0.darwin.aarch64.tar.xz"

[tools.shellcheck."platforms.macos-x64"]
checksum = "sha256:3c89db4edcab7cf1c27bff178882e0f6f27f7afdf54e859fa041fca10febe4c6"
url = "https://github.com/koalaman/shellcheck/releases/download/v0.11.0/shellcheck-v0.11.0.darwin.x86_64.tar.xz"

[tools.shellcheck."platforms.windows-x64"]
checksum = "sha256:8a4e35ab0b331c85d73567b12f2a444df187f483e5079ceffa6bda1faa2e740e"
url = "https://github.com/koalaman/shellcheck/releases/download/v0.11.0/shellcheck-v0.11.0.zip"

[[tools.vhs]]
version = "0.12.0"
backend = "aqua:charmbracelet/vhs"

[tools.vhs."platforms.linux-arm64"]
checksum = "sha256:b72a5a6d89089b83abf87796047c4c0660d127231dbf040ac9f067a7bc68c44f"
url = "https://github.com/charmbracelet/vhs/releases/download/v0.12.0/vhs_0.12.0_Linux_arm64.tar.gz"
url_api = "https://api.github.com/repos/charmbracelet/vhs/releases/assets/552473027"
provenance = "cosign"

[tools.vhs."platforms.linux-arm64-musl"]
checksum = "sha256:b72a5a6d89089b83abf87796047c4c0660d127231dbf040ac9f067a7bc68c44f"
url = "https://github.com/charmbracelet/vhs/releases/download/v0.12.0/vhs_0.12.0_Linux_arm64.tar.gz"
url_api = "https://api.github.com/repos/charmbracelet/vhs/releases/assets/552473027"
provenance = "cosign"

[tools.vhs."platforms.linux-x64"]
checksum = "sha256:9f3dc4672af1ec4e83361f4efe996da95c82177b9d795b21d8bcbad814d26823"
url = "https://github.com/charmbracelet/vhs/releases/download/v0.12.0/vhs_0.12.0_Linux_x86_64.tar.gz"
url_api = "https://api.github.com/repos/charmbracelet/vhs/releases/assets/552473029"
provenance = "cosign"

[tools.vhs."platforms.linux-x64-musl"]
checksum = "sha256:9f3dc4672af1ec4e83361f4efe996da95c82177b9d795b21d8bcbad814d26823"
url = "https://github.com/charmbracelet/vhs/releases/download/v0.12.0/vhs_0.12.0_Linux_x86_64.tar.gz"
url_api = "https://api.github.com/repos/charmbracelet/vhs/releases/assets/552473029"
provenance = "cosign"

[tools.vhs."platforms.macos-arm64"]
checksum = "sha256:8fe52ea2bfe829c1c733d66b82683346795b0f36baa7dbc52961da8f3b82eaca"
url = "https://github.com/charmbracelet/vhs/releases/download/v0.12.0/vhs_0.12.0_Darwin_arm64.tar.gz"
url_api = "https://api.github.com/repos/charmbracelet/vhs/releases/assets/552473032"
provenance = "cosign"

[tools.vhs."platforms.macos-x64"]
checksum = "sha256:de5c7151286a38080a7069c952dec7d9f1813032a4d58fd44197bc76a5c2a071"
url = "https://github.com/charmbracelet/vhs/releases/download/v0.12.0/vhs_0.12.0_Darwin_x86_64.tar.gz"
url_api = "https://api.github.com/repos/charmbracelet/vhs/releases/assets/552473020"
provenance = "cosign"

[tools.vhs."platforms.windows-x64"]
checksum = "sha256:b4e05e7229e2c36148bbd56b598f7a961a6948f64329d2e6a918f23ee7d811dd"
url = "https://github.com/charmbracelet/vhs/releases/download/v0.12.0/vhs_0.12.0_Windows_x86_64.zip"
url_api = "https://api.github.com/repos/charmbracelet/vhs/releases/assets/552473028"
provenance = "cosign"

[[tools.yamllint]]
version = "1.38.0"
backend = "pipx:yamllint"
