# @generated - this file is auto-generated by `mise lock` https://mise.jdx.dev/dev-tools/mise-lock.html

[[tools.actionlint]]
version = "1.7.12"
backend = "aqua:rhysd/actionlint"

[[tools.devcontainer-cli]]
version = "0.84.1"
backend = "npm:@devcontainers/cli"

[[tools.jq]]
version = "1.8.1"
backend = "aqua:jqlang/jq"

[tools.jq."platforms.linux-arm64"]
checksum = "sha256:6bc62f25981328edd3cfcfe6fe51b073f2d7e7710d7ef7fcdac28d4e384fc3d4"
url = "https://github.com/jqlang/jq/releases/download/jq-1.8.1/jq-linux-arm64"
provenance = "github-attestations"

[tools.jq."platforms.linux-arm64-musl"]
checksum = "sha256:6bc62f25981328edd3cfcfe6fe51b073f2d7e7710d7ef7fcdac28d4e384fc3d4"
url = "https://github.com/jqlang/jq/releases/download/jq-1.8.1/jq-linux-arm64"

[tools.jq."platforms.linux-x64"]
checksum = "sha256:020468de7539ce70ef1bceaf7cde2e8c4f2ca6c3afb84642aabc5c97d9fc2a0d"
url = "https://github.com/jqlang/jq/releases/download/jq-1.8.1/jq-linux-amd64"
provenance = "github-attestations"

[tools.jq."platforms.linux-x64-musl"]
checksum = "sha256:020468de7539ce70ef1bceaf7cde2e8c4f2ca6c3afb84642aabc5c97d9fc2a0d"
url = "https://github.com/jqlang/jq/releases/download/jq-1.8.1/jq-linux-amd64"

[tools.jq."platforms.macos-arm64"]
checksum = "sha256:a9fe3ea2f86dfc72f6728417521ec9067b343277152b114f4e98d8cb0e263603"
url = "https://github.com/jqlang/jq/releases/download/jq-1.8.1/jq-macos-arm64"

[tools.jq."platforms.macos-x64"]
checksum = "sha256:e80dbe0d2a2597e3c11c404f03337b981d74b4a8504b70586c354b7697a7c27f"
url = "https://github.com/jqlang/jq/releases/download/jq-1.8.1/jq-macos-amd64"

[tools.jq."platforms.windows-x64"]
checksum = "sha256:23cb60a1354eed6bcc8d9b9735e8c7b388cd1fdcb75726b93bc299ef22dd9334"
url = "https://github.com/jqlang/jq/releases/download/jq-1.8.1/jq-windows-amd64.exe"

[[tools.markdownlint-cli2]]
version = "0.22.0"
backend = "npm:markdownlint-cli2"

[[tools.node]]
version = "24.12.0"
backend = "core:node"

[tools.node."platforms.linux-arm64"]
checksum = "sha256:9b2a2eeb98a8eb37361224e2a1d060300ad2dd143af58dfdb16de785df0f1228"
url = "https://nodejs.org/dist/v24.12.0/node-v24.12.0-linux-arm64.tar.gz"

[tools.node."platforms.linux-x64"]
checksum = "sha256:6159227e0af7d7c3c6bb2fa900452b04a6cb8841a702a79acc613209d70b04d0"
url = "https://nodejs.org/dist/v24.12.0/node-v24.12.0-linux-x64.tar.gz"

[tools.node."platforms.macos-arm64"]
checksum = "sha256:319f221adc5e44ff0ed57e8a441b2284f02b8dc6fc87b8eb92a6a93643fd8080"
url = "https://nodejs.org/dist/v24.12.0/node-v24.12.0-darwin-arm64.tar.gz"

[tools.node."platforms.macos-x64"]
checksum = "sha256:b82ea4c62fd08e250cab59d625e75d77cc5b0a3d60c6698ebee4545c88a169c5"
url = "https://nodejs.org/dist/v24.12.0/node-v24.12.0-darwin-x64.tar.gz"

[tools.node."platforms.windows-x64"]
checksum = "sha256:9c125f61ae947b52e779095830f9cac267846a043ef7192183c84016aaad2812"
url = "https://nodejs.org/dist/v24.12.0/node-v24.12.0-win-x64.zip"

[[tools.node]]
version = "24.14.0"
backend = "core:node"

[tools.node."platforms.linux-arm64"]
checksum = "sha256:f44740cd218de8127f1c44c41510a3a740fa5c9c8d1cdce1c3bedada79f3cde7"
url = "https://nodejs.org/dist/v24.14.0/node-v24.14.0-linux-arm64.tar.gz"

[tools.node."platforms.linux-arm64-musl"]
checksum = "sha256:f44740cd218de8127f1c44c41510a3a740fa5c9c8d1cdce1c3bedada79f3cde7"
url = "https://nodejs.org/dist/v24.14.0/node-v24.14.0-linux-arm64.tar.gz"

[tools.node."platforms.linux-x64"]
checksum = "sha256:dbf5b8665dec15e59e6359a517fefb47b23fdb9152d8def975b9bca3dfc6d355"
url = "https://nodejs.org/dist/v24.14.0/node-v24.14.0-linux-x64.tar.gz"

[tools.node."platforms.linux-x64-musl"]
checksum = "sha256:dbf5b8665dec15e59e6359a517fefb47b23fdb9152d8def975b9bca3dfc6d355"
url = "https://nodejs.org/dist/v24.14.0/node-v24.14.0-linux-x64.tar.gz"

[tools.node."platforms.macos-arm64"]
checksum = "sha256:a1a54f46a750d2523d628d924aab61758a51c9dad3e0238beb14141be9615dd3"
url = "https://nodejs.org/dist/v24.14.0/node-v24.14.0-darwin-arm64.tar.gz"

[tools.node."platforms.macos-x64"]
checksum = "sha256:f2879eb810e25993a0578e5d878930266fd2eafcffe9f2839b3d8db354d4879e"
url = "https://nodejs.org/dist/v24.14.0/node-v24.14.0-darwin-x64.tar.gz"

[tools.node."platforms.windows-x64"]
checksum = "sha256:313fa40c0d7b18575821de8cb17483031fe07d95de5994f6f435f3b345f85c66"
url = "https://nodejs.org/dist/v24.14.0/node-v24.14.0-win-x64.zip"

[[tools.pipx]]
version = "1.8.0"
backend = "aqua:pypa/pipx"

[tools.pipx."platforms.linux-arm64"]
checksum = "sha256:b9eabd835dffe0677e36bd99416fc9837c592bd8c079235379bed3dfe043c601"
url = "https://github.com/pypa/pipx/releases/download/1.8.0/pipx.pyz"

[tools.pipx."platforms.linux-arm64-musl"]
checksum = "sha256:b9eabd835dffe0677e36bd99416fc9837c592bd8c079235379bed3dfe043c601"
url = "https://github.com/pypa/pipx/releases/download/1.8.0/pipx.pyz"

[tools.pipx."platforms.linux-x64"]
checksum = "sha256:b9eabd835dffe0677e36bd99416fc9837c592bd8c079235379bed3dfe043c601"
url = "https://github.com/pypa/pipx/releases/download/1.8.0/pipx.pyz"

[tools.pipx."platforms.linux-x64-musl"]
checksum = "sha256:b9eabd835dffe0677e36bd99416fc9837c592bd8c079235379bed3dfe043c601"
url = "https://github.com/pypa/pipx/releases/download/1.8.0/pipx.pyz"

[tools.pipx."platforms.macos-arm64"]
checksum = "sha256:b9eabd835dffe0677e36bd99416fc9837c592bd8c079235379bed3dfe043c601"
url = "https://github.com/pypa/pipx/releases/download/1.8.0/pipx.pyz"

[tools.pipx."platforms.macos-x64"]
checksum = "sha256:b9eabd835dffe0677e36bd99416fc9837c592bd8c079235379bed3dfe043c601"
url = "https://github.com/pypa/pipx/releases/download/1.8.0/pipx.pyz"

[[tools."pipx:check-jsonschema"]]
version = "0.37.1"
backend = "pipx:check-jsonschema"

[[tools.shellcheck]]
version = "0.11.0"
backend = "aqua:koalaman/shellcheck"

[tools.shellcheck."platforms.linux-arm64"]
checksum = "sha256:12b331c1d2db6b9eb13cfca64306b1b157a86eb69db83023e261eaa7e7c14588"
url = "https://github.com/koalaman/shellcheck/releases/download/v0.11.0/shellcheck-v0.11.0.linux.aarch64.tar.xz"

[tools.shellcheck."platforms.linux-arm64-musl"]
checksum = "sha256:12b331c1d2db6b9eb13cfca64306b1b157a86eb69db83023e261eaa7e7c14588"
url = "https://github.com/koalaman/shellcheck/releases/download/v0.11.0/shellcheck-v0.11.0.linux.aarch64.tar.xz"

[tools.shellcheck."platforms.linux-x64"]
checksum = "sha256:8c3be12b05d5c177a04c29e3c78ce89ac86f1595681cab149b65b97c4e227198"
url = "https://github.com/koalaman/shellcheck/releases/download/v0.11.0/shellcheck-v0.11.0.linux.x86_64.tar.xz"

[tools.shellcheck."platforms.linux-x64-musl"]
checksum = "sha256:8c3be12b05d5c177a04c29e3c78ce89ac86f1595681cab149b65b97c4e227198"
url = "https://github.com/koalaman/shellcheck/releases/download/v0.11.0/shellcheck-v0.11.0.linux.x86_64.tar.xz"

[tools.shellcheck."platforms.macos-arm64"]
checksum = "sha256:56affdd8de5527894dca6dc3d7e0a99a873b0f004d7aabc30ae407d3f48b0a79"
url = "https://github.com/koalaman/shellcheck/releases/download/v0.11.0/shellcheck-v0.11.0.darwin.aarch64.tar.xz"

[tools.shellcheck."platforms.macos-x64"]
checksum = "sha256:3c89db4edcab7cf1c27bff178882e0f6f27f7afdf54e859fa041fca10febe4c6"
url = "https://github.com/koalaman/shellcheck/releases/download/v0.11.0/shellcheck-v0.11.0.darwin.x86_64.tar.xz"

[tools.shellcheck."platforms.windows-x64"]
checksum = "sha256:8a4e35ab0b331c85d73567b12f2a444df187f483e5079ceffa6bda1faa2e740e"
url = "https://github.com/koalaman/shellcheck/releases/download/v0.11.0/shellcheck-v0.11.0.zip"

[[tools.vhs]]
version = "0.11.0"
backend = "aqua:charmbracelet/vhs"

[tools.vhs."platforms.linux-arm64"]
checksum = "sha256:af782cddbf844a377df6ea41c0e72339393fa021be3f6cb70a2f47d48675d92b"
url = "https://github.com/charmbracelet/vhs/releases/download/v0.11.0/vhs_0.11.0_Linux_arm64.tar.gz"

[tools.vhs."platforms.linux-arm64-musl"]
checksum = "sha256:af782cddbf844a377df6ea41c0e72339393fa021be3f6cb70a2f47d48675d92b"
url = "https://github.com/charmbracelet/vhs/releases/download/v0.11.0/vhs_0.11.0_Linux_arm64.tar.gz"

[tools.vhs."platforms.linux-x64"]
checksum = "sha256:99cb634587eaae0473c1ea377db80c3a048c27f99fe0a7febb1a1e8cb7ee5009"
url = "https://github.com/charmbracelet/vhs/releases/download/v0.11.0/vhs_0.11.0_Linux_x86_64.tar.gz"

[tools.vhs."platforms.linux-x64-musl"]
checksum = "sha256:99cb634587eaae0473c1ea377db80c3a048c27f99fe0a7febb1a1e8cb7ee5009"
url = "https://github.com/charmbracelet/vhs/releases/download/v0.11.0/vhs_0.11.0_Linux_x86_64.tar.gz"

[tools.vhs."platforms.macos-arm64"]
checksum = "sha256:eec91ee450ba50b6d4fce2800593b2ac5fdd88a73056367d2c3b870ee44de3f7"
url = "https://github.com/charmbracelet/vhs/releases/download/v0.11.0/vhs_0.11.0_Darwin_arm64.tar.gz"

[tools.vhs."platforms.macos-x64"]
checksum = "sha256:dd5c86c1cec1cf9ebd5ac6cf8119efcb731f055bbe7c7010408c741ee7770f64"
url = "https://github.com/charmbracelet/vhs/releases/download/v0.11.0/vhs_0.11.0_Darwin_x86_64.tar.gz"

[tools.vhs."platforms.windows-x64"]
checksum = "sha256:e3d87403b25e1e88addec6548bdbfdbee772a5c313c9f6f96c495b8e163f18ba"
url = "https://github.com/charmbracelet/vhs/releases/download/v0.11.0/vhs_0.11.0_Windows_x86_64.zip"

[[tools.yamllint]]
version = "1.38.0"
backend = "pipx:yamllint"
